
Microsoft Visual Studio Solution File, Format Version 12.00
# Visual Studio Version 16
VisualStudioVersion = 16.0.31729.503
MinimumVisualStudioVersion = 10.0.40219.1
Project("{FAE04EC0-301F-11D3-BF4B-00C04F79EFBC}") = "eTickets", "eTickets\eTickets.csproj", "{105AD5A6-90A7-4E1B-85D1-31F84F3EB8A0}"
EndProject
Global
	GlobalSection(SolutionConfigurationPlatforms) = preSolution
		Debug|Any CPU = Debug|Any CPU
		Release|Any CPU = Release|Any CPU
	EndGlobalSection
	GlobalSection(ProjectConfigurationPlatforms) = postSolution
		{105AD5A6-90A7-4E1B-85D1-31F84F3EB8A0}.Debug|Any CPU.ActiveCfg = Debug|Any CPU
		{105AD5A6-90A7-4E1B-85D1-31F84F3EB8A0}.Debug|Any CPU.Build.0 = Debug|Any CPU
		{105AD5A6-90A7-4E1B-85D1-31F84F3EB8A0}.Release|Any CPU.ActiveCfg = Release|Any CPU
		{105AD5A6-90A7-4E1B-85D1-31F84F3EB8A0}.Release|Any CPU.Build.0 = Release|Any CPU
	EndGlobalSection
	GlobalSection(SolutionProperties) = preSolution
		HideSolutionNode = FALSE
	EndGlobalSection
	GlobalSection(ExtensibilityGlobals) = postSolution
		SolutionGuid = {11AC309D-F89D-471A-AC1C-E4C27FDBA79C}
	EndGlobalSection
EndGlobal
